
Microsoft Visual Studio Solution File, Format Version 12.00
# Visual Studio Version 17
VisualStudioVersion = 17.3.32922.545
MinimumVisualStudioVersion = 10.0.40219.1
Project("{FAE04EC0-301F-11D3-BF4B-00C04F79EFBC}") = "NZWalks.API", "NZWalks.API\NZWalks.API.csproj", "{24398A57-9463-4CDD-9BBE-40C92B8E743C}"
EndProject
Global
	GlobalSection(SolutionConfigurationPlatforms) = preSolution
		Debug|Any CPU = Debug|Any CPU
		Release|Any CPU = Release|Any CPU
	EndGlobalSection
	GlobalSection(ProjectConfigurationPlatforms) = postSolution
		{24398A57-9463-4CDD-9BBE-40C92B8E743C}.Debug|Any CPU.ActiveCfg = Debug|Any CPU
		{24398A57-9463-4CDD-9BBE-40C92B8E743C}.Debug|Any CPU.Build.0 = Debug|Any CPU
		{24398A57-9463-4CDD-9BBE-40C92B8E743C}.Release|Any CPU.ActiveCfg = Release|Any CPU
		{24398A57-9463-4CDD-9BBE-40C92B8E743C}.Release|Any CPU.Build.0 = Release|Any CPU
	EndGlobalSection
	GlobalSection(SolutionProperties) = preSolution
		HideSolutionNode = FALSE
	EndGlobalSection
	GlobalSection(ExtensibilityGlobals) = postSolution
		SolutionGuid = {D55E4BD9-EBE3-4C2F-A83D-6B087FBEEB02}
	EndGlobalSection
EndGlobal
