
Microsoft Visual Studio Solution File, Format Version 12.00
# Visual Studio Version 17
VisualStudioVersion = 17.3.32922.545
MinimumVisualStudioVersion = 10.0.40219.1
Project("{9092AA53-FB77-4645-B42D-1CCCA6BD08BD}") = "NodejsConsoleApp1", "NodejsConsoleApp1\NodejsConsoleApp1.njsproj", "{C286EEE5-5780-4AF4-BB0E-7A378B216671}"
EndProject
Global
	GlobalSection(SolutionConfigurationPlatforms) = preSolution
		Debug|Any CPU = Debug|Any CPU
		Release|Any CPU = Release|Any CPU
	EndGlobalSection
	GlobalSection(ProjectConfigurationPlatforms) = postSolution
		{C286EEE5-5780-4AF4-BB0E-7A378B216671}.Debug|Any CPU.ActiveCfg = Debug|Any CPU
		{C286EEE5-5780-4AF4-BB0E-7A378B216671}.Debug|Any CPU.Build.0 = Debug|Any CPU
		{C286EEE5-5780-4AF4-BB0E-7A378B216671}.Release|Any CPU.ActiveCfg = Release|Any CPU
		{C286EEE5-5780-4AF4-BB0E-7A378B216671}.Release|Any CPU.Build.0 = Release|Any CPU
	EndGlobalSection
	GlobalSection(SolutionProperties) = preSolution
		HideSolutionNode = FALSE
	EndGlobalSection
	GlobalSection(ExtensibilityGlobals) = postSolution
		SolutionGuid = {149934C3-B6EC-4D30-9176-309361A6C743}
	EndGlobalSection
EndGlobal
